
Microsoft Visual Studio Solution File, Format Version 12.00
# Visual Studio Version 17
VisualStudioVersion = 17.5.2.0
MinimumVisualStudioVersion = 10.0.40219.1
Project("{2150E333-8FDC-42A3-9474-1A3956D46DE8}") = "src", "src", "{827E0CD3-B72D-47B6-A68D-7590B98EB39B}"
EndProject
Project("{FAE04EC0-301F-11D3-BF4B-00C04F79EFBC}") = "LibraryDDD.Domain", "src\LibraryDDD.Domain\LibraryDDD.Domain.csproj", "{4132D3ED-6174-406B-A57C-E3FEDB1D10BC}"
EndProject
Project("{FAE04EC0-301F-11D3-BF4B-00C04F79EFBC}") = "LibraryDDD.Application", "src\LibraryDDD.Application\LibraryDDD.Application.csproj", "{6551373B-BBB6-48F1-8C6A-289F6EB65377}"
EndProject
Project("{FAE04EC0-301F-11D3-BF4B-00C04F79EFBC}") = "LibraryDDD.Infrastructure", "src\LibraryDDD.Infrastructure\LibraryDDD.Infrastructure.csproj", "{C3B635EE-74F5-46FF-A6D6-082BCFF8EE8E}"
EndProject
Project("{FAE04EC0-301F-11D3-BF4B-00C04F79EFBC}") = "LibraryDDD.Api", "src\LibraryDDD.Api\LibraryDDD.Api.csproj", "{5F00F898-9791-4720-BC79-B1758028BCB3}"
EndProject
Project("{2150E333-8FDC-42A3-9474-1A3956D46DE8}") = "tests", "tests", "{0AB3BF05-4346-4AA6-1389-037BE0695223}"
EndProject
Project("{FAE04EC0-301F-11D3-BF4B-00C04F79EFBC}") = "LibraryDDD.Domain.Tests", "tests\LibraryDDD.Domain.Tests\LibraryDDD.Domain.Tests.csproj", "{B55AEADE-7B40-4890-80C6-4224D59F877C}"
EndProject
Project("{FAE04EC0-301F-11D3-BF4B-00C04F79EFBC}") = "LibraryDDD.Application.Tests", "tests\LibraryDDD.Application.Tests\LibraryDDD.Application.Tests.csproj", "{1A23328F-AF8A-49AB-A39A-329B8FA877ED}"
EndProject
Project("{FAE04EC0-301F-11D3-BF4B-00C04F79EFBC}") = "LibraryDDD.API.Tests", "tests\LibraryDDD.API.Tests\LibraryDDD.API.Tests.csproj", "{70107D2F-9DF8-44BC-A999-45DA2B2FAA3B}"
EndProject
Global
	GlobalSection(SolutionConfigurationPlatforms) = preSolution
		Debug|Any CPU = Debug|Any CPU
		Debug|x64 = Debug|x64
		Debug|x86 = Debug|x86
		Release|Any CPU = Release|Any CPU
		Release|x64 = Release|x64
		Release|x86 = Release|x86
	EndGlobalSection
	GlobalSection(ProjectConfigurationPlatforms) = postSolution
		{4132D3ED-6174-406B-A57C-E3FEDB1D10BC}.Debug|Any CPU.ActiveCfg = Debug|Any CPU
		{4132D3ED-6174-406B-A57C-E3FEDB1D10BC}.Debug|Any CPU.Build.0 = Debug|Any CPU
		{4132D3ED-6174-406B-A57C-E3FEDB1D10BC}.Debug|x64.ActiveCfg = Debug|Any CPU
		{4132D3ED-6174-406B-A57C-E3FEDB1D10BC}.Debug|x64.Build.0 = Debug|Any CPU
		{4132D3ED-6174-406B-A57C-E3FEDB1D10BC}.Debug|x86.ActiveCfg = Debug|Any CPU
		{4132D3ED-6174-406B-A57C-E3FEDB1D10BC}.Debug|x86.Build.0 = Debug|Any CPU
		{4132D3ED-6174-406B-A57C-E3FEDB1D10BC}.Release|Any CPU.ActiveCfg = Release|Any CPU
		{4132D3ED-6174-406B-A57C-E3FEDB1D10BC}.Release|Any CPU.Build.0 = Release|Any CPU
		{4132D3ED-6174-406B-A57C-E3FEDB1D10BC}.Release|x64.ActiveCfg = Release|Any CPU
		{4132D3ED-6174-406B-A57C-E3FEDB1D10BC}.Release|x64.Build.0 = Release|Any CPU
		{4132D3ED-6174-406B-A57C-E3FEDB1D10BC}.Release|x86.ActiveCfg = Release|Any CPU
		{4132D3ED-6174-406B-A57C-E3FEDB1D10BC}.Release|x86.Build.0 = Release|Any CPU
		{6551373B-BBB6-48F1-8C6A-289F6EB65377}.Debug|Any CPU.ActiveCfg = Debug|Any CPU
		{6551373B-BBB6-48F1-8C6A-289F6EB65377}.Debug|Any CPU.Build.0 = Debug|Any CPU
		{6551373B-BBB6-48F1-8C6A-289F6EB65377}.Debug|x64.ActiveCfg = Debug|Any CPU
		{6551373B-BBB6-48F1-8C6A-289F6EB65377}.Debug|x64.Build.0 = Debug|Any CPU
		{6551373B-BBB6-48F1-8C6A-289F6EB65377}.Debug|x86.ActiveCfg = Debug|Any CPU
		{6551373B-BBB6-48F1-8C6A-289F6EB65377}.Debug|x86.Build.0 = Debug|Any CPU
		{6551373B-BBB6-48F1-8C6A-289F6EB65377}.Release|Any CPU.ActiveCfg = Release|Any CPU
		{6551373B-BBB6-48F1-8C6A-289F6EB65377}.Release|Any CPU.Build.0 = Release|Any CPU
		{6551373B-BBB6-48F1-8C6A-289F6EB65377}.Release|x64.ActiveCfg = Release|Any CPU
		{6551373B-BBB6-48F1-8C6A-289F6EB65377}.Release|x64.Build.0 = Release|Any CPU
		{6551373B-BBB6-48F1-8C6A-289F6EB65377}.Release|x86.ActiveCfg = Release|Any CPU
		{6551373B-BBB6-48F1-8C6A-289F6EB65377}.Release|x86.Build.0 = Release|Any CPU
		{C3B635EE-74F5-46FF-A6D6-082BCFF8EE8E}.Debug|Any CPU.ActiveCfg = Debug|Any CPU
		{C3B635EE-74F5-46FF-A6D6-082BCFF8EE8E}.Debug|Any CPU.Build.0 = Debug|Any CPU
		{C3B635EE-74F5-46FF-A6D6-082BCFF8EE8E}.Debug|x64.ActiveCfg = Debug|Any CPU
		{C3B635EE-74F5-46FF-A6D6-082BCFF8EE8E}.Debug|x64.Build.0 = Debug|Any CPU
		{C3B635EE-74F5-46FF-A6D6-082BCFF8EE8E}.Debug|x86.ActiveCfg = Debug|Any CPU
		{C3B635EE-74F5-46FF-A6D6-082BCFF8EE8E}.Debug|x86.Build.0 = Debug|Any CPU
		{C3B635EE-74F5-46FF-A6D6-082BCFF8EE8E}.Release|Any CPU.ActiveCfg = Release|Any CPU
		{C3B635EE-74F5-46FF-A6D6-082BCFF8EE8E}.Release|Any CPU.Build.0 = Release|Any CPU
		{C3B635EE-74F5-46FF-A6D6-082BCFF8EE8E}.Release|x64.ActiveCfg = Release|Any CPU
		{C3B635EE-74F5-46FF-A6D6-082BCFF8EE8E}.Release|x64.Build.0 = Release|Any CPU
		{C3B635EE-74F5-46FF-A6D6-082BCFF8EE8E}.Release|x86.ActiveCfg = Release|Any CPU
		{C3B635EE-74F5-46FF-A6D6-082BCFF8EE8E}.Release|x86.Build.0 = Release|Any CPU
		{5F00F898-9791-4720-BC79-B1758028BCB3}.Debug|Any CPU.ActiveCfg = Debug|Any CPU
		{5F00F898-9791-4720-BC79-B1758028BCB3}.Debug|Any CPU.Build.0 = Debug|Any CPU
		{5F00F898-9791-4720-BC79-B1758028BCB3}.Debug|x64.ActiveCfg = Debug|Any CPU
		{5F00F898-9791-4720-BC79-B1758028BCB3}.Debug|x64.Build.0 = Debug|Any CPU
		{5F00F898-9791-4720-BC79-B1758028BCB3}.Debug|x86.ActiveCfg = Debug|Any CPU
		{5F00F898-9791-4720-BC79-B1758028BCB3}.Debug|x86.Build.0 = Debug|Any CPU
		{5F00F898-9791-4720-BC79-B1758028BCB3}.Release|Any CPU.ActiveCfg = Release|Any CPU
		{5F00F898-9791-4720-BC79-B1758028BCB3}.Release|Any CPU.Build.0 = Release|Any CPU
		{5F00F898-9791-4720-BC79-B1758028BCB3}.Release|x64.ActiveCfg = Release|Any CPU
		{5F00F898-9791-4720-BC79-B1758028BCB3}.Release|x64.Build.0 = Release|Any CPU
		{5F00F898-9791-4720-BC79-B1758028BCB3}.Release|x86.ActiveCfg = Release|Any CPU
		{5F00F898-9791-4720-BC79-B1758028BCB3}.Release|x86.Build.0 = Release|Any CPU
		{B55AEADE-7B40-4890-80C6-4224D59F877C}.Debug|Any CPU.ActiveCfg = Debug|Any CPU
		{B55AEADE-7B40-4890-80C6-4224D59F877C}.Debug|Any CPU.Build.0 = Debug|Any CPU
		{B55AEADE-7B40-4890-80C6-4224D59F877C}.Debug|x64.ActiveCfg = Debug|Any CPU
		{B55AEADE-7B40-4890-80C6-4224D59F877C}.Debug|x64.Build.0 = Debug|Any CPU
		{B55AEADE-7B40-4890-80C6-4224D59F877C}.Debug|x86.ActiveCfg = Debug|Any CPU
		{B55AEADE-7B40-4890-80C6-4224D59F877C}.Debug|x86.Build.0 = Debug|Any CPU
		{B55AEADE-7B40-4890-80C6-4224D59F877C}.Release|Any CPU.ActiveCfg = Release|Any CPU
		{B55AEADE-7B40-4890-80C6-4224D59F877C}.Release|Any CPU.Build.0 = Release|Any CPU
		{B55AEADE-7B40-4890-80C6-4224D59F877C}.Release|x64.ActiveCfg = Release|Any CPU
		{B55AEADE-7B40-4890-80C6-4224D59F877C}.Release|x64.Build.0 = Release|Any CPU
		{B55AEADE-7B40-4890-80C6-4224D59F877C}.Release|x86.ActiveCfg = Release|Any CPU
		{B55AEADE-7B40-4890-80C6-4224D59F877C}.Release|x86.Build.0 = Release|Any CPU
		{1A23328F-AF8A-49AB-A39A-329B8FA877ED}.Debug|Any CPU.ActiveCfg = Debug|Any CPU
		{1A23328F-AF8A-49AB-A39A-329B8FA877ED}.Debug|Any CPU.Build.0 = Debug|Any CPU
		{1A23328F-AF8A-49AB-A39A-329B8FA877ED}.Debug|x64.ActiveCfg = Debug|Any CPU
		{1A23328F-AF8A-49AB-A39A-329B8FA877ED}.Debug|x64.Build.0 = Debug|Any CPU
		{1A23328F-AF8A-49AB-A39A-329B8FA877ED}.Debug|x86.ActiveCfg = Debug|Any CPU
		{1A23328F-AF8A-49AB-A39A-329B8FA877ED}.Debug|x86.Build.0 = Debug|Any CPU
		{1A23328F-AF8A-49AB-A39A-329B8FA877ED}.Release|Any CPU.ActiveCfg = Release|Any CPU
		{1A23328F-AF8A-49AB-A39A-329B8FA877ED}.Release|Any CPU.Build.0 = Release|Any CPU
		{1A23328F-AF8A-49AB-A39A-329B8FA877ED}.Release|x64.ActiveCfg = Release|Any CPU
		{1A23328F-AF8A-49AB-A39A-329B8FA877ED}.Release|x64.Build.0 = Release|Any CPU
		{1A23328F-AF8A-49AB-A39A-329B8FA877ED}.Release|x86.ActiveCfg = Release|Any CPU
		{1A23328F-AF8A-49AB-A39A-329B8FA877ED}.Release|x86.Build.0 = Release|Any CPU
		{70107D2F-9DF8-44BC-A999-45DA2B2FAA3B}.Debug|Any CPU.ActiveCfg = Debug|Any CPU
		{70107D2F-9DF8-44BC-A999-45DA2B2FAA3B}.Debug|Any CPU.Build.0 = Debug|Any CPU
		{70107D2F-9DF8-44BC-A999-45DA2B2FAA3B}.Debug|x64.ActiveCfg = Debug|Any CPU
		{70107D2F-9DF8-44BC-A999-45DA2B2FAA3B}.Debug|x64.Build.0 = Debug|Any CPU
		{70107D2F-9DF8-44BC-A999-45DA2B2FAA3B}.Debug|x86.ActiveCfg = Debug|Any CPU
		{70107D2F-9DF8-44BC-A999-45DA2B2FAA3B}.Debug|x86.Build.0 = Debug|Any CPU
		{70107D2F-9DF8-44BC-A999-45DA2B2FAA3B}.Release|Any CPU.ActiveCfg = Release|Any CPU
		{70107D2F-9DF8-44BC-A999-45DA2B2FAA3B}.Release|Any CPU.Build.0 = Release|Any CPU
		{70107D2F-9DF8-44BC-A999-45DA2B2FAA3B}.Release|x64.ActiveCfg = Release|Any CPU
		{70107D2F-9DF8-44BC-A999-45DA2B2FAA3B}.Release|x64.Build.0 = Release|Any CPU
		{70107D2F-9DF8-44BC-A999-45DA2B2FAA3B}.Release|x86.ActiveCfg = Release|Any CPU
		{70107D2F-9DF8-44BC-A999-45DA2B2FAA3B}.Release|x86.Build.0 = Release|Any CPU
	EndGlobalSection
	GlobalSection(SolutionProperties) = preSolution
		HideSolutionNode = FALSE
	EndGlobalSection
	GlobalSection(NestedProjects) = preSolution
		{4132D3ED-6174-406B-A57C-E3FEDB1D10BC} = {827E0CD3-B72D-47B6-A68D-7590B98EB39B}
		{6551373B-BBB6-48F1-8C6A-289F6EB65377} = {827E0CD3-B72D-47B6-A68D-7590B98EB39B}
		{C3B635EE-74F5-46FF-A6D6-082BCFF8EE8E} = {827E0CD3-B72D-47B6-A68D-7590B98EB39B}
		{5F00F898-9791-4720-BC79-B1758028BCB3} = {827E0CD3-B72D-47B6-A68D-7590B98EB39B}
		{B55AEADE-7B40-4890-80C6-4224D59F877C} = {0AB3BF05-4346-4AA6-1389-037BE0695223}
		{1A23328F-AF8A-49AB-A39A-329B8FA877ED} = {0AB3BF05-4346-4AA6-1389-037BE0695223}
		{70107D2F-9DF8-44BC-A999-45DA2B2FAA3B} = {0AB3BF05-4346-4AA6-1389-037BE0695223}
	EndGlobalSection
	GlobalSection(ExtensibilityGlobals) = postSolution
		SolutionGuid = {35B634E4-F2DD-4CBA-BA9E-5BE02FC3F49F}
	EndGlobalSection
EndGlobal
